github.com/BurntSushi/toml v0.3.1 h1:WXkYYl6Yr3qBf1K79EBnL4mak0OimBfB0XUf9Vl28OQ=
github.com/BurntSushi/toml v0.3.1/go.mod h1:xHWCNGjB5oqiDr8zfno3MHue2Ht5sIBksp03qcyfWMU=
github.com/buger/jsonparser v0.0.0-20181115193947-bf1c66bbce23 h1:D21IyuvjDCshj1/qq+pCNd3VZOAEI9jy6Bi131YlXgI=
github.com/buger/jsonparser v0.0.0-20181115193947-bf1c66bbce23/go.mod h1:bbYlZJ7hK1yFx9hf58LP0zeX7UjIGs20ufpu3evjr+s=
github.com/creack/pty v1.1.7/go.mod h1:lj5s0c3V2DBrqTV7llrYr5NG6My20zk30Fl46Y7DoTY=
github.com/davecgh/go-spew v1.1.0/go.mod h1:J7Y8YcW2NihsgmVo/mv3lAwl/skON4iLHjSsI+c5H38=
github.com/davecgh/go-spew v1.1.1 h1:vj9j/u1bqnvCEfJOwUhtlOARqs3+rkHYY13jYWTU97c=
github.com/davecgh/go-spew v1.1.1/go.mod h1:J7Y8YcW2NihsgmVo/mv3lAwl/skON4iLHjSsI+c5H38=
github.com/dgrijalva/jwt-go v3.2.0+incompatible/go.mod h1:E3ru+11k8xSBh+hMPgOLZmtrrCbhqsmaPHjLKYnJCaQ=
github.com/fatih/color v1.7.0/go.mod h1:Zm6kSWBoL9eyXnKyktHP6abPY2pDugNf5KwzbycvMj4=
github.com/google/gofuzz v1.0.0/go.mod h1:dBl0BpW6vV/+mYPU4Po3pmUjxk6FQPldtuIdl/M65Eg=
github.com/gopherjs/gopherjs v0.0.0-20181017120253-0766667cb4d1/go.mod h1:wJfORRmW1u3UXTncJ5qlYoELFm8eSnnEO6hX4iZ3EWY=
github.com/gopherjs/gopherjs v0.0.0-20190430165422-3e4dfb77656c/go.mod h1:wJfORRmW1u3UXTncJ5qlYoELFm8eSnnEO6hX4iZ3EWY=
github.com/gorilla/context v1.1.1 h1:AWwleXJkX/nhcU9bZSnZoi3h/qGYqQAGhq6zZe/aQW8=
github.com/gorilla/context v1.1.1/go.mod h1:kBGZzfjB9CEq2AlWe17Uuf7NDRt0dE0s8S51q0aT7Yg=
github.com/gorilla/mux v1.7.3 h1:gnP5JzjVOuiZD07fKKToCAOjS0yOpj/qPETTXCCS6hw=
github.com/gorilla/mux v1.7.3/go.mod h1:1lud6UwP+6orDFRuTfBEV8e9/aOM/c4fVVCaMa2zaAs=
github.com/json-iterator/go v1.1.7 h1:KfgG9LzI+pYjr4xvmz/5H4FXjokeP+rlHLhv3iH62Fo=
github.com/json-iterator/go v1.1.7/go.mod h1:KdQUCv79m/52Kvf8AW2vK1V8akMuk1QjK/uOdHXbAo4=
github.com/jtolds/gls v4.20.0+incompatible/go.mod h1:QJZ7F/aHp+rZTRtaJ1ow/lLfFfVYBRgL+9YlvaHOwJU=
github.com/kr/pretty v0.1.0/go.mod h1:dAy3ld7l9f0ibDNOQOHHMYYIIbhfbHSm3C4ZsoJORNo=
github.com/kr/pty v1.1.1/go.mod h1:pFQYn66WHrOpPYNljwOMqo10TkYh1fy3cYio2l3bCsQ=
github.com/kr/pty v1.1.8/go.mod h1:O1sed60cT9XZ5uDucP5qwvh+TE3NnUj51EiZO/lmSfw=
github.com/kr/text v0.1.0/go.mod h1:4Jbv+DJW3UT/LiOwJeYQe1efqtUx/iVham/4vfdArNI=
github.com/mattn/go-colorable v0.1.2/go.mod h1:U0ppj6V5qS13XJ6of8GYAs25YV2eR4EVcfRqFIhoBtE=
github.com/mattn/go-isatty v0.0.8/go.mod h1:Iq45c/XA43vh69/j3iqttzPXn0bhXyGjM0Hdxcsrc5s=
github.com/modern-go/concurrent v0.0.0-20180228061459-e0a39a4cb421/go.mod h1:6dJC0mAP4ikYIbvyc7fijjWJddQyLn8Ig3JB5CqoB9Q=
github.com/modern-go/concurrent v0.0.0-20180306012644-bacd9c7ef1dd h1:TRLaZ9cD/w8PVh93nsPXa1VrQ6jlwL5oN8l14QlcNfg=
github.com/modern-go/concurrent v0.0.0-20180306012644-bacd9c7ef1dd/go.mod h1:6dJC0mAP4ikYIbvyc7fijjWJddQyLn8Ig3JB5CqoB9Q=
github.com/modern-go/reflect2 v0.0.0-20180701023420-4b7aa43c6742/go.mod h1:bx2lNnkwVCuqBIxFjflWJWanXIb3RllmbCylyMrvgv0=
github.com/modern-go/reflect2 v1.0.1 h1:9f412s+6RmYXLWZSEzVVgPGK7C2PphHj5RJrvfx9AWI=
github.com/modern-go/reflect2 v1.0.1/go.mod h1:bx2lNnkwVCuqBIxFjflWJWanXIb3RllmbCylyMrvgv0=
github.com/mylxsw/asteria v0.0.0-20190730075526-1867e6bc4dbe h1:JNV6IpUt1FnPkGFPB+FwfeC4jeb//yZ6WdO1/JKwRhY=
github.com/mylxsw/asteria v0.0.0-20190730075526-1867e6bc4dbe/go.mod h1:yKtYUYKkYe2xOB6qqHW+NnoHd6zBFRk72NS/8V/dgwk=
github.com/mylxsw/asteria v0.0.0-20190818103215-f64f703d8999 h1:ADyZTez4D46rym0RyKWlIugoWcAK/5mOvCsbs0/eJuA=
github.com/mylxsw/asteria v0.0.0-20190818103215-f64f703d8999/go.mod h1:v0FN8lOptbljEJBRtBrvompc+NyUpIR7Dcpg2f9823s=
github.com/mylxsw/coll v0.0.0-20190810120926-a7a6f0f4bae8/go.mod h1:Ugpjgv7bOSn1NXiPNHl92DdCGP2siWk50irFSyI+Hf8=
github.com/mylxsw/container v0.0.0-20190810122756-1fd99a90f7c6 h1:wA8rXGj4ajvUHOPY3LHp1MQlB1v46J24PyaPG7MmxE8=
github.com/mylxsw/container v0.0.0-20190810122756-1fd99a90f7c6/go.mod h1:v2QwNL+V2nI1o7naopTXXalpa1Y6b5E8lCwwANiYfyc=
github.com/mylxsw/go-toolkit v0.0.0-20190810132703-486dd5ff72a9 h1:RgHkiDyU7XDmZqk0Cpqnfn2NmYpginMI69RX0BOzKis=
github.com/mylxsw/go-toolkit v0.0.0-20190810132703-486dd5ff72a9/go.mod h1:s2TWTsAxqwsOr1+r19Fv7bVyLlsTZokRhNFOegKpLrE=
github.com/mylxsw/graceful v0.0.0-20190810132432-36a0395cf382 h1:zybIHlDUFp83gs1lgdOVjUJ4Bteb2wSX3zXla9RnMBQ=
github.com/mylxsw/graceful v0.0.0-20190810132432-36a0395cf382/go.mod h1:Skt4GaATnUdq3MArrHK32UsSC9tq8GB0ZToWkF420Os=
github.com/mylxsw/hades v0.0.0-20190810132930-b812c8b92bd6 h1:WLSNW2ZLpK7EXu3DB+vFZg+Y2eCJPFzE+GkQSVpdc+Y=
github.com/mylxsw/hades v0.0.0-20190810132930-b812c8b92bd6/go.mod h1:RwFx3TV0q9cMecgnEfQJggr4dPjuwEk6wSSNIHo84D4=
github.com/mylxsw/hades v0.0.0-20190810133536-f14dbfdce5c6 h1:9yw6+xIZoKQu8wvGfPZG14UDYpcVEoQjr414HBr4N8g=
github.com/mylxsw/hades v0.0.0-20190810133536-f14dbfdce5c6/go.mod h1:RwFx3TV0q9cMecgnEfQJggr4dPjuwEk6wSSNIHo84D4=
github.com/mylxsw/hades v0.0.0-20190822153059-6c17d87106c5 h1:415JshApy5pFQ2vrgOg7HFs6zFEMed5L3Wt45gTKTds=
github.com/mylxsw/hades v0.0.0-20190822153059-6c17d87106c5/go.mod h1:RwFx3TV0q9cMecgnEfQJggr4dPjuwEk6wSSNIHo84D4=
github.com/mylxsw/hades v0.0.0-20190828043922-7b50664bddc8 h1:miO4xK5yUgzAvxXI/2oLbi8Ff/gy8EPUknoErk5WIuQ=
github.com/mylxsw/hades v0.0.0-20190828043922-7b50664bddc8/go.mod h1:RwFx3TV0q9cMecgnEfQJggr4dPjuwEk6wSSNIHo84D4=
github.com/mylxsw/hades v0.0.0-20190829023434-92825df54bd6 h1:dp1keqjkp1GvE6ibX6eegJqBcEhegdZZ/5tDsNeaQmc=
github.com/mylxsw/hades v0.0.0-20190829023434-92825df54bd6/go.mod h1:FIvnJahZzxBIOySKg2eWhikeGtIHl5H/Dc+9W6MaMlQ=
github.com/mylxsw/hades v0.0.0-20190829060808-11fb6c20f917 h1:sDtIE3hw3dryz4R67YmajOuyv0mV+jJUYp56ekk8Hto=
github.com/mylxsw/hades v0.0.0-20190829060808-11fb6c20f917/go.mod h1:FIvnJahZzxBIOySKg2eWhikeGtIHl5H/Dc+9W6MaMlQ=
github.com/mylxsw/hades v0.0.0-20190831074019-90875457cb99 h1:5rnD6zY52REyDqSCMOlKZoCoDOFcUcePDi0z3IOoFT0=
github.com/mylxsw/hades v0.0.0-20190831074019-90875457cb99/go.mod h1:FIvnJahZzxBIOySKg2eWhikeGtIHl5H/Dc+9W6MaMlQ=
github.com/mylxsw/hades v0.0.0-20190831074909-765491b57715 h1:11PE1jJ6DCzK8YY/qdJRxTHLSWO1Rnydc3D+WpXyaDM=
github.com/mylxsw/hades v0.0.0-20190831074909-765491b57715/go.mod h1:FIvnJahZzxBIOySKg2eWhikeGtIHl5H/Dc+9W6MaMlQ=
github.com/mylxsw/hades v0.0.0-20190831075727-21f6c7913ead h1:ecoJT4fXsW6SXhCOSj5u4v8Fj1uPfLg5ZcqgCPq6FaQ=
github.com/mylxsw/hades v0.0.0-20190831075727-21f6c7913ead/go.mod h1:J5/uzyrwPH2gLIh/3zUczJz/OYgXNCGSKI2pxqRk1ho=
github.com/pmezard/go-difflib v1.0.0 h1:4DBwDE0NGyQoBHbLQYPwSUPoCMWR5BEzIk/f1lZbAQM=
github.com/pmezard/go-difflib v1.0.0/go.mod h1:iKH77koFhYxTK1pcRnkKkqfTogsbg7gZNVY4sRDYZ/4=
github.com/robfig/cron v1.2.0 h1:ZjScXvvxeQ63Dbyxy76Fj3AT3Ut0aKsyd2/tl3DTMuQ=
github.com/robfig/cron v1.2.0/go.mod h1:JGuDeoQd7Z6yL4zQhZ3OPEVHB7fL6Ka6skscFHfmt2k=
github.com/smartystreets/assertions v0.0.0-20180927180507-b2de0cb4f26d/go.mod h1:OnSkiWE9lh6wB0YB77sQom3nweQdgAjqCqsofrRNTgc=
github.com/smartystreets/assertions v1.0.1/go.mod h1:kHHU4qYBaI3q23Pp3VPrmWhuIUrLW/7eUrw0BU5VaoM=
github.com/smartystreets/goconvey v0.0.0-20190731233626-505e41936337/go.mod h1:syvi0/a8iFYH4r/RixwvyeAJjdLS9QV7WQ/tjFTllLA=
github.com/stretchr/objx v0.1.0/go.mod h1:HFkY916IF+rwdDfMAkV7OtwuqBVzrE8GR6GFx+wExME=
github.com/stretchr/objx v0.2.0/go.mod h1:qt09Ya8vawLte6SNmTgCsAVtYtaKzEcn8ATUoHMkEqE=
github.com/stretchr/testify v1.3.0 h1:TivCn/peBQ7UY8ooIcPgZFpTNSz0Q2U6UrFlUfqbe0Q=
github.com/stretchr/testify v1.3.0/go.mod h1:M5WIy9Dh21IEIfnGCwXGc5bZfKNJtfHm1UVUgZn+9EI=
github.com/stretchr/testify v1.4.0/go.mod h1:j7eGeouHqKxXV5pUuKE4zz7dFj8WfuZ+81PSLYec5m4=
github.com/urfave/cli v1.21.0 h1:wYSSj06510qPIzGSua9ZqsncMmWE3Zr55KBERygyrxE=
github.com/urfave/cli v1.21.0/go.mod h1:lxDj6qX9Q6lWQxIrbrT0nwecwUtRnhVZAJjJZrVUZZQ=
golang.org/x/crypto v0.0.0-20190308221718-c2843e01d9a2/go.mod h1:djNgcEr1/C05ACkg1iLfiJU5Ep61QUkGW8qpdssI0+w=
golang.org/x/crypto v0.0.0-20190701094942-4def268fd1a4/go.mod h1:yigFU9vqHzYiE8UmvKecakEJjdnWj3jj499lnFckfCI=
golang.org/x/net v0.0.0-20190311183353-d8887717615a/go.mod h1:t9HGtf8HONx5eT2rtn7q6eTqICYqUVnKs3thJo3Qplg=
golang.org/x/net v0.0.0-20190404232315-eb5bcb51f2a3/go.mod h1:t9HGtf8HONx5eT2rtn7q6eTqICYqUVnKs3thJo3Qplg=
golang.org/x/net v0.0.0-20190620200207-3b0461eec859/go.mod h1:z5CRVTTTmAJ677TzLLGU+0bjPO0LkuOLi4/5GtJWs/s=
golang.org/x/net v0.0.0-20190724013045-ca1201d0de80/go.mod h1:z5CRVTTTmAJ677TzLLGU+0bjPO0LkuOLi4/5GtJWs/s=
golang.org/x/sync v0.0.0-20190423024810-112230192c58/go.mod h1:RxMgew5VJxzue5/jJTE5uejpjVlOe/izrB70Jof72aM=
golang.org/x/sys v0.0.0-20190215142949-d0b11bdaac8a/go.mod h1:STP8DvDyc/dI5b8T5hshtkjS+E42TnysNCUPdjciGhY=
golang.org/x/sys v0.0.0-20190222072716-a9d3bda3a223/go.mod h1:STP8DvDyc/dI5b8T5hshtkjS+E42TnysNCUPdjciGhY=
golang.org/x/sys v0.0.0-20190412213103-97732733099d/go.mod h1:h1NjWce9XRLGQEsW7wpKNCjG9DtNlClVuFLEZdDNbEs=
golang.org/x/sys v0.0.0-20190804053845-51ab0e2deafa/go.mod h1:h1NjWce9XRLGQEsW7wpKNCjG9DtNlClVuFLEZdDNbEs=
golang.org/x/text v0.3.0/go.mod h1:NqM8EUOU14njkJ3fqMW+pc6Ldnwhi/IjpwHt7yyuwOQ=
golang.org/x/text v0.3.2/go.mod h1:bEr9sfX3Q8Zfm5fL9x+3itogRgK3+ptLWKqgva+5dAk=
golang.org/x/tools v0.0.0-20180917221912-90fa682c2a6e/go.mod h1:n7NCudcB/nEzxVGmLbDWY5pfWTLqBcC2KZ6jyYvM4mQ=
golang.org/x/tools v0.0.0-20190328211700-ab21143f2384/go.mod h1:LCzVGOaR6xXOjkQ3onu1FJEFr0SW1gC7cKk1uF8kGRs=
golang.org/x/tools v0.0.0-20190802220118-1d1727260058/go.mod h1:jcCCGcm9btYwXyDqrUWc6MKQKKGJCWEQ3AfLSRIbEuI=
gopkg.in/check.v1 v0.0.0-20161208181325-20d25e280405 h1:yhCVgyC4o1eVCa2tZl7eS0r+SDo693bJlVdllGtEeKM=
gopkg.in/check.v1 v0.0.0-20161208181325-20d25e280405/go.mod h1:Co6ibVJAznAaIkqp8huTwlJQCZ016jof/cbN4VW5Yz0=
gopkg.in/check.v1 v1.0.0-20180628173108-788fd7840127/go.mod h1:Co6ibVJAznAaIkqp8huTwlJQCZ016jof/cbN4VW5Yz0=
gopkg.in/ini.v1 v1.44.2/go.mod h1:M3Cogqpuv0QCi3ExAY5V4uOt4qb/R3xZubo9m8lK5wg=
gopkg.in/yaml.v2 v2.2.2 h1:ZCJp+EgiOT7lHqUV2J862kp8Qj64Jo6az82+3Td9dZw=
gopkg.in/yaml.v2 v2.2.2/go.mod h1:hI93XBmqTisBFMUTm0b8Fm+jr3Dg1NNxqwp+5A1VGuI=
