github.com/BurntSushi/toml v0.3.1 h1:WXkYYl6Yr3qBf1K79EBnL4mak0OimBfB0XUf9Vl28OQ=
github.com/BurntSushi/toml v0.3.1/go.mod h1:xHWCNGjB5oqiDr8zfno3MHue2Ht5sIBksp03qcyfWMU=
github.com/buger/jsonparser v0.0.0-20191004114745-ee4c978eae7e h1:oJCXMss/3rg5F6Poy9wG3JQusc58Mzk5B9Z6wSnssNE=
github.com/buger/jsonparser v0.0.0-20191004114745-ee4c978eae7e/go.mod h1:errmMKH8tTB49UR2A8C8DPYkyudelsYJwJFaZHQ6ik8=
github.com/davecgh/go-spew v1.1.0/go.mod h1:J7Y8YcW2NihsgmVo/mv3lAwl/skON4iLHjSsI+c5H38=
github.com/davecgh/go-spew v1.1.1 h1:vj9j/u1bqnvCEfJOwUhtlOARqs3+rkHYY13jYWTU97c=
github.com/davecgh/go-spew v1.1.1/go.mod h1:J7Y8YcW2NihsgmVo/mv3lAwl/skON4iLHjSsI+c5H38=
github.com/google/gofuzz v1.0.0/go.mod h1:dBl0BpW6vV/+mYPU4Po3pmUjxk6FQPldtuIdl/M65Eg=
github.com/gorilla/context v1.1.1 h1:AWwleXJkX/nhcU9bZSnZoi3h/qGYqQAGhq6zZe/aQW8=
github.com/gorilla/context v1.1.1/go.mod h1:kBGZzfjB9CEq2AlWe17Uuf7NDRt0dE0s8S51q0aT7Yg=
github.com/gorilla/mux v1.7.3 h1:gnP5JzjVOuiZD07fKKToCAOjS0yOpj/qPETTXCCS6hw=
github.com/gorilla/mux v1.7.3/go.mod h1:1lud6UwP+6orDFRuTfBEV8e9/aOM/c4fVVCaMa2zaAs=
github.com/gorilla/schema v1.1.0 h1:CamqUDOFUBqzrvxuz2vEwo8+SUdwsluFh7IlzJh30LY=
github.com/gorilla/schema v1.1.0/go.mod h1:kgLaKoK1FELgZqMAVxx/5cbj0kT+57qxUrAlIO2eleU=
github.com/gorilla/securecookie v1.1.1 h1:miw7JPhV+b/lAHSXz4qd/nN9jRiAFV5FwjeKyCS8BvQ=
github.com/gorilla/securecookie v1.1.1/go.mod h1:ra0sb63/xPlUeL+yeDciTfxMRAA+MP+HVt/4epWDjd4=
github.com/gorilla/sessions v1.2.0 h1:S7P+1Hm5V/AT9cjEcUD5uDaQSX0OE577aCXgoaKpYbQ=
github.com/gorilla/sessions v1.2.0/go.mod h1:dk2InVEVJ0sfLlnXv9EAgkf6ecYs/i80K/zI+bUmuGM=
github.com/gorilla/websocket v1.4.1 h1:q7AeDBpnBk8AogcD4DSag/Ukw/KV+YhzLj2bP5HvKCM=
github.com/gorilla/websocket v1.4.1/go.mod h1:YR8l580nyteQvAITg2hZ9XVh4b55+EU/adAjf1fMHhE=
github.com/json-iterator/go v1.1.7 h1:KfgG9LzI+pYjr4xvmz/5H4FXjokeP+rlHLhv3iH62Fo=
github.com/json-iterator/go v1.1.7/go.mod h1:KdQUCv79m/52Kvf8AW2vK1V8akMuk1QjK/uOdHXbAo4=
github.com/json-iterator/go v1.1.9 h1:9yzud/Ht36ygwatGx56VwCZtlI/2AD15T1X2sjSuGns=
github.com/json-iterator/go v1.1.9/go.mod h1:KdQUCv79m/52Kvf8AW2vK1V8akMuk1QjK/uOdHXbAo4=
github.com/kr/pretty v0.1.0 h1:L/CwN0zerZDmRFUapSPitk6f+Q3+0za1rQkzVuMiMFI=
github.com/kr/pretty v0.1.0/go.mod h1:dAy3ld7l9f0ibDNOQOHHMYYIIbhfbHSm3C4ZsoJORNo=
github.com/kr/pty v1.1.1/go.mod h1:pFQYn66WHrOpPYNljwOMqo10TkYh1fy3cYio2l3bCsQ=
github.com/kr/text v0.1.0 h1:45sCR5RtlFHMR4UwH9sdQ5TC8v0qDQCHnXt+kaKSTVE=
github.com/kr/text v0.1.0/go.mod h1:4Jbv+DJW3UT/LiOwJeYQe1efqtUx/iVham/4vfdArNI=
github.com/modern-go/concurrent v0.0.0-20180228061459-e0a39a4cb421/go.mod h1:6dJC0mAP4ikYIbvyc7fijjWJddQyLn8Ig3JB5CqoB9Q=
github.com/modern-go/concurrent v0.0.0-20180306012644-bacd9c7ef1dd h1:TRLaZ9cD/w8PVh93nsPXa1VrQ6jlwL5oN8l14QlcNfg=
github.com/modern-go/concurrent v0.0.0-20180306012644-bacd9c7ef1dd/go.mod h1:6dJC0mAP4ikYIbvyc7fijjWJddQyLn8Ig3JB5CqoB9Q=
github.com/modern-go/reflect2 v0.0.0-20180701023420-4b7aa43c6742/go.mod h1:bx2lNnkwVCuqBIxFjflWJWanXIb3RllmbCylyMrvgv0=
github.com/modern-go/reflect2 v1.0.1 h1:9f412s+6RmYXLWZSEzVVgPGK7C2PphHj5RJrvfx9AWI=
github.com/modern-go/reflect2 v1.0.1/go.mod h1:bx2lNnkwVCuqBIxFjflWJWanXIb3RllmbCylyMrvgv0=
github.com/mylxsw/asteria v0.0.0-20190730075526-1867e6bc4dbe h1:JNV6IpUt1FnPkGFPB+FwfeC4jeb//yZ6WdO1/JKwRhY=
github.com/mylxsw/asteria v0.0.0-20190730075526-1867e6bc4dbe/go.mod h1:yKtYUYKkYe2xOB6qqHW+NnoHd6zBFRk72NS/8V/dgwk=
github.com/mylxsw/asteria v0.0.0-20200409141532-2c5f290462b5 h1:Vv4Km6skDC4Citl412HNAtRV2S5dfV8DmxYvcO85AZ0=
github.com/mylxsw/asteria v0.0.0-20200409141532-2c5f290462b5/go.mod h1:v0FN8lOptbljEJBRtBrvompc+NyUpIR7Dcpg2f9823s=
github.com/mylxsw/asteria v0.0.0-20200520022208-48f9ce0b961f h1:pMiRlxvQDoyZ4UW0CKNBMxyjLek7a5N6WYSSTeEENYw=
github.com/mylxsw/asteria v0.0.0-20200520022208-48f9ce0b961f/go.mod h1:v0FN8lOptbljEJBRtBrvompc+NyUpIR7Dcpg2f9823s=
github.com/mylxsw/asteria v0.0.0-20200709071207-26dd334a6e51 h1:a+1fNIW9RK+9AqXrnNx9kQXarjL48uxIKriD13uZUZA=
github.com/mylxsw/asteria v0.0.0-20200709071207-26dd334a6e51/go.mod h1:v0FN8lOptbljEJBRtBrvompc+NyUpIR7Dcpg2f9823s=
github.com/mylxsw/container v0.0.0-20191208075953-c8ee6e3238cc h1:xBh4hQSO+fcWa/bFLOjxO4huSgofBltDJ3KXPiZlHGo=
github.com/mylxsw/container v0.0.0-20191208075953-c8ee6e3238cc/go.mod h1:v2QwNL+V2nI1o7naopTXXalpa1Y6b5E8lCwwANiYfyc=
github.com/mylxsw/container v0.0.0-20200521105006-1091c6685128 h1:iokAdL8KLE6tQJAalGyX9kLGOoQA/YFynQafRSE3804=
github.com/mylxsw/container v0.0.0-20200521105006-1091c6685128/go.mod h1:v2QwNL+V2nI1o7naopTXXalpa1Y6b5E8lCwwANiYfyc=
github.com/mylxsw/container v0.0.0-20200522073114-0a55a01f6826 h1:GitZahSchBQ8oxuyB+qSH7xU1N+P21FuTBb6pVwraSw=
github.com/mylxsw/container v0.0.0-20200522073114-0a55a01f6826/go.mod h1:N7QSVqaHggsEM4ckqO35RqEb1/wGXQfYgWF3ho9vRTY=
github.com/mylxsw/container v0.0.0-20200525090619-01208c02b074 h1:8OLLLh/tG7M5kQrkmFIVYFpj2bLUtYZ3q+jp4vcA5gQ=
github.com/mylxsw/container v0.0.0-20200525090619-01208c02b074/go.mod h1:UDbF8EtqT7jB0yDc6g9u4P8ORvw4RbFot1QputpgR5U=
github.com/mylxsw/graceful v0.0.0-20191128055330-290857a79dcc h1:yADzgXZqOXlzorWum4VThVLW/ByIPE4N7gcdmNFMTBw=
github.com/mylxsw/graceful v0.0.0-20191128055330-290857a79dcc/go.mod h1:Skt4GaATnUdq3MArrHK32UsSC9tq8GB0ZToWkF420Os=
github.com/mylxsw/graceful v0.0.0-20200512142145-c4b7435b7b88 h1:IevIWDfkTp06E7OMKIjsGYWvmsVvXzD6oFBoP8SeUm8=
github.com/mylxsw/graceful v0.0.0-20200512142145-c4b7435b7b88/go.mod h1:Skt4GaATnUdq3MArrHK32UsSC9tq8GB0ZToWkF420Os=
github.com/mylxsw/graceful v0.0.0-20200521071307-30ef03ecf5a8 h1:0gfJ8H7bx+si3Hqno9an6aZDsqWDO1CjAb/+U5yN3a8=
github.com/mylxsw/graceful v0.0.0-20200521071307-30ef03ecf5a8/go.mod h1:Skt4GaATnUdq3MArrHK32UsSC9tq8GB0ZToWkF420Os=
github.com/mylxsw/graceful v0.0.0-20200605063420-3c53968cf134 h1:uYT1HZC8kyKGtAR/Los/azrD8uROgkM8HHuhN2bzPmI=
github.com/mylxsw/graceful v0.0.0-20200605063420-3c53968cf134/go.mod h1:Skt4GaATnUdq3MArrHK32UsSC9tq8GB0ZToWkF420Os=
github.com/pkg/errors v0.8.1 h1:iURUrRGxPUNPdy5/HRSm+Yj6okJ6UtLINN0Q9M4+h3I=
github.com/pkg/errors v0.8.1/go.mod h1:bwawxfHBFNV+L2hUp1rHADufV3IMtnDRdf1r5NINEl0=
github.com/pmezard/go-difflib v1.0.0 h1:4DBwDE0NGyQoBHbLQYPwSUPoCMWR5BEzIk/f1lZbAQM=
github.com/pmezard/go-difflib v1.0.0/go.mod h1:iKH77koFhYxTK1pcRnkKkqfTogsbg7gZNVY4sRDYZ/4=
github.com/robfig/cron/v3 v3.0.0 h1:kQ6Cb7aHOHTSzNVNEhmp8EcWKLb4CbiMW9h9VyIhO4E=
github.com/robfig/cron/v3 v3.0.0/go.mod h1:eQICP3HwyT7UooqI/z+Ov+PtYAWygg1TEWWzGIFLtro=
github.com/stretchr/objx v0.1.0/go.mod h1:HFkY916IF+rwdDfMAkV7OtwuqBVzrE8GR6GFx+wExME=
github.com/stretchr/testify v1.3.0 h1:TivCn/peBQ7UY8ooIcPgZFpTNSz0Q2U6UrFlUfqbe0Q=
github.com/stretchr/testify v1.3.0/go.mod h1:M5WIy9Dh21IEIfnGCwXGc5bZfKNJtfHm1UVUgZn+9EI=
github.com/stretchr/testify v1.4.0 h1:2E4SXV/wtOkTonXsotYi4li6zVWxYlZuYNCXe9XRJyk=
github.com/stretchr/testify v1.4.0/go.mod h1:j7eGeouHqKxXV5pUuKE4zz7dFj8WfuZ+81PSLYec5m4=
github.com/urfave/cli v1.21.0 h1:wYSSj06510qPIzGSua9ZqsncMmWE3Zr55KBERygyrxE=
github.com/urfave/cli v1.21.0/go.mod h1:lxDj6qX9Q6lWQxIrbrT0nwecwUtRnhVZAJjJZrVUZZQ=
gopkg.in/check.v1 v0.0.0-20161208181325-20d25e280405 h1:yhCVgyC4o1eVCa2tZl7eS0r+SDo693bJlVdllGtEeKM=
gopkg.in/check.v1 v0.0.0-20161208181325-20d25e280405/go.mod h1:Co6ibVJAznAaIkqp8huTwlJQCZ016jof/cbN4VW5Yz0=
gopkg.in/check.v1 v1.0.0-20180628173108-788fd7840127/go.mod h1:Co6ibVJAznAaIkqp8huTwlJQCZ016jof/cbN4VW5Yz0=
gopkg.in/check.v1 v1.0.0-20190902080502-41f04d3bba15 h1:YR8cESwS4TdDjEe65xsg0ogRM/Nc3DYOhEAlW+xobZo=
gopkg.in/check.v1 v1.0.0-20190902080502-41f04d3bba15/go.mod h1:Co6ibVJAznAaIkqp8huTwlJQCZ016jof/cbN4VW5Yz0=
gopkg.in/yaml.v2 v2.2.2 h1:ZCJp+EgiOT7lHqUV2J862kp8Qj64Jo6az82+3Td9dZw=
gopkg.in/yaml.v2 v2.2.2/go.mod h1:hI93XBmqTisBFMUTm0b8Fm+jr3Dg1NNxqwp+5A1VGuI=
gopkg.in/yaml.v2 v2.2.4 h1:/eiJrUcujPVeJ3xlSWaiNi3uSVmDGBK1pDHUHAnao1I=
gopkg.in/yaml.v2 v2.2.4/go.mod h1:hI93XBmqTisBFMUTm0b8Fm+jr3Dg1NNxqwp+5A1VGuI=
